
Microsoft Visual Studio Solution File, Format Version 12.00
# Visual Studio Version 17
VisualStudioVersion = 17.7.34031.279
MinimumVisualStudioVersion = 10.0.40219.1
Project("{FAE04EC0-301F-11D3-BF4B-00C04F79EFBC}") = "newponggame", "newponggame\newponggame.csproj", "{3EF83EE9-4246-4554-97FA-2D701D3D5993}"
EndProject
Global
	GlobalSection(SolutionConfigurationPlatforms) = preSolution
		Debug|Any CPU = Debug|Any CPU
		Release|Any CPU = Release|Any CPU
	EndGlobalSection
	GlobalSection(ProjectConfigurationPlatforms) = postSolution
		{3EF83EE9-4246-4554-97FA-2D701D3D5993}.Debug|Any CPU.ActiveCfg = Debug|Any CPU
		{3EF83EE9-4246-4554-97FA-2D701D3D5993}.Debug|Any CPU.Build.0 = Debug|Any CPU
		{3EF83EE9-4246-4554-97FA-2D701D3D5993}.Release|Any CPU.ActiveCfg = Release|Any CPU
		{3EF83EE9-4246-4554-97FA-2D701D3D5993}.Release|Any CPU.Build.0 = Release|Any CPU
	EndGlobalSection
	GlobalSection(SolutionProperties) = preSolution
		HideSolutionNode = FALSE
	EndGlobalSection
	GlobalSection(ExtensibilityGlobals) = postSolution
		SolutionGuid = {2013E57E-6DDD-4234-A502-D81B2E44939E}
	EndGlobalSection
EndGlobal
